
Microsoft Visual Studio Solution File, Format Version 12.00
# Visual Studio Version 17
VisualStudioVersion = 17.9.34701.34
MinimumVisualStudioVersion = 10.0.40219.1
Project("{8BC9CEB8-8B4A-11D0-8D11-00A0C91BC942}") = "Sequential_List", "Sequential_List\Sequential_List.vcxproj", "{5C50B77F-47BA-4F08-8881-E89E1C0735D3}"
EndProject
Project("{8BC9CEB8-8B4A-11D0-8D11-00A0C91BC942}") = "Linked_List", "Linked_List\Linked_List.vcxproj", "{E36A0D17-BE4F-4839-8226-C3D568D00AB3}"
EndProject
Global
	GlobalSection(SolutionConfigurationPlatforms) = preSolution
		Debug|x64 = Debug|x64
		Debug|x86 = Debug|x86
		Release|x64 = Release|x64
		Release|x86 = Release|x86
	EndGlobalSection
	GlobalSection(ProjectConfigurationPlatforms) = postSolution
		{5C50B77F-47BA-4F08-8881-E89E1C0735D3}.Debug|x64.ActiveCfg = Debug|x64
		{5C50B77F-47BA-4F08-8881-E89E1C0735D3}.Debug|x64.Build.0 = Debug|x64
		{5C50B77F-47BA-4F08-8881-E89E1C0735D3}.Debug|x86.ActiveCfg = Debug|Win32
		{5C50B77F-47BA-4F08-8881-E89E1C0735D3}.Debug|x86.Build.0 = Debug|Win32
		{5C50B77F-47BA-4F08-8881-E89E1C0735D3}.Release|x64.ActiveCfg = Release|x64
		{5C50B77F-47BA-4F08-8881-E89E1C0735D3}.Release|x64.Build.0 = Release|x64
		{5C50B77F-47BA-4F08-8881-E89E1C0735D3}.Release|x86.ActiveCfg = Release|Win32
		{5C50B77F-47BA-4F08-8881-E89E1C0735D3}.Release|x86.Build.0 = Release|Win32
		{E36A0D17-BE4F-4839-8226-C3D568D00AB3}.Debug|x64.ActiveCfg = Debug|x64
		{E36A0D17-BE4F-4839-8226-C3D568D00AB3}.Debug|x64.Build.0 = Debug|x64
		{E36A0D17-BE4F-4839-8226-C3D568D00AB3}.Debug|x86.ActiveCfg = Debug|Win32
		{E36A0D17-BE4F-4839-8226-C3D568D00AB3}.Debug|x86.Build.0 = Debug|Win32
		{E36A0D17-BE4F-4839-8226-C3D568D00AB3}.Release|x64.ActiveCfg = Release|x64
		{E36A0D17-BE4F-4839-8226-C3D568D00AB3}.Release|x64.Build.0 = Release|x64
		{E36A0D17-BE4F-4839-8226-C3D568D00AB3}.Release|x86.ActiveCfg = Release|Win32
		{E36A0D17-BE4F-4839-8226-C3D568D00AB3}.Release|x86.Build.0 = Release|Win32
	EndGlobalSection
	GlobalSection(SolutionProperties) = preSolution
		HideSolutionNode = FALSE
	EndGlobalSection
	GlobalSection(ExtensibilityGlobals) = postSolution
		SolutionGuid = {3FAF92A0-59FA-4D3A-BE9A-5A96D63DD9CC}
	EndGlobalSection
EndGlobal
